GITHUBTARBALL
  remote: boxen/puppet-boxen
  specs:
    boxen (3.3.3)

GITHUBTARBALL
  remote: boxen/puppet-git
  specs:
    git (1.2.5)

GITHUBTARBALL
  remote: boxen/puppet-homebrew
  specs:
    homebrew (1.5.0)

GITHUBTARBALL
  remote: puppetlabs/puppetlabs-inifile
  specs:
    inifile (1.0.0)

GITHUBTARBALL
  remote: puppetlabs/puppetlabs-stdlib
  specs:
    stdlib (4.1.0)

DEPENDENCIES
  boxen (= 3.3.3)
  git (= 1.2.5)
  homebrew (= 1.5.0)
  inifile (= 1.0.0)
  stdlib (= 4.1.0)

