GITHUBTARBALL
  remote: boxen/puppet-boxen
  specs:
    boxen (3.0.1)

GITHUBTARBALL
  remote: boxen/puppet-git
  specs:
    git (1.2.5)

GITHUBTARBALL
  remote: boxen/puppet-homebrew
  specs:
    homebrew (1.4.1)

GITHUBTARBALL
  remote: puppetlabs/puppetlabs-inifile
  specs:
    inifile (1.0.0)

DEPENDENCIES
  boxen (= 3.0.1)
  git (= 1.2.5)
  homebrew (= 1.4.1)
  inifile (= 1.0.0)

